
Microsoft Visual Studio Solution File, Format Version 12.00
# Visual Studio 15
VisualStudioVersion = 15.0.26730.16
MinimumVisualStudioVersion = 10.0.40219.1
Project("{FAE04EC0-301F-11D3-BF4B-00C04F79EFBC}") = "Traveller", "Traveller\Traveller.csproj", "{37BA7D68-D803-4820-9586-8EFC016C9144}"
EndProject
Project("{FAE04EC0-301F-11D3-BF4B-00C04F79EFBC}") = "Traveller.UnitTests", "Traveller.Tests\Traveller.UnitTests.csproj", "{ABE5C39E-68C2-4F41-A291-8D94F424B652}"
EndProject
Global
	GlobalSection(SolutionConfigurationPlatforms) = preSolution
		Debug|Any CPU = Debug|Any CPU
		Release|Any CPU = Release|Any CPU
	EndGlobalSection
	GlobalSection(ProjectConfigurationPlatforms) = postSolution
		{37BA7D68-D803-4820-9586-8EFC016C9144}.Debug|Any CPU.ActiveCfg = Debug|Any CPU
		{37BA7D68-D803-4820-9586-8EFC016C9144}.Debug|Any CPU.Build.0 = Debug|Any CPU
		{37BA7D68-D803-4820-9586-8EFC016C9144}.Release|Any CPU.ActiveCfg = Release|Any CPU
		{37BA7D68-D803-4820-9586-8EFC016C9144}.Release|Any CPU.Build.0 = Release|Any CPU
		{ABE5C39E-68C2-4F41-A291-8D94F424B652}.Debug|Any CPU.ActiveCfg = Debug|Any CPU
		{ABE5C39E-68C2-4F41-A291-8D94F424B652}.Debug|Any CPU.Build.0 = Debug|Any CPU
		{ABE5C39E-68C2-4F41-A291-8D94F424B652}.Release|Any CPU.ActiveCfg = Release|Any CPU
		{ABE5C39E-68C2-4F41-A291-8D94F424B652}.Release|Any CPU.Build.0 = Release|Any CPU
	EndGlobalSection
	GlobalSection(SolutionProperties) = preSolution
		HideSolutionNode = FALSE
	EndGlobalSection
	GlobalSection(ExtensibilityGlobals) = postSolution
		SolutionGuid = {8F1811AB-0AAC-49AE-B7CD-AB8DB7131F26}
	EndGlobalSection
EndGlobal
