
Microsoft Visual Studio Solution File, Format Version 12.00
# Visual Studio 15
VisualStudioVersion = 15.0.26730.16
MinimumVisualStudioVersion = 10.0.40219.1
Project("{FAE04EC0-301F-11D3-BF4B-00C04F79EFBC}") = "Academy", "Academy\Academy.csproj", "{F827E22A-9145-4B8A-B894-03ED1903ED70}"
EndProject
Global
	GlobalSection(SolutionConfigurationPlatforms) = preSolution
		Debug|Any CPU = Debug|Any CPU
		Release|Any CPU = Release|Any CPU
	EndGlobalSection
	GlobalSection(ProjectConfigurationPlatforms) = postSolution
		{F827E22A-9145-4B8A-B894-03ED1903ED70}.Debug|Any CPU.ActiveCfg = Debug|Any CPU
		{F827E22A-9145-4B8A-B894-03ED1903ED70}.Debug|Any CPU.Build.0 = Debug|Any CPU
		{F827E22A-9145-4B8A-B894-03ED1903ED70}.Release|Any CPU.ActiveCfg = Release|Any CPU
		{F827E22A-9145-4B8A-B894-03ED1903ED70}.Release|Any CPU.Build.0 = Release|Any CPU
	EndGlobalSection
	GlobalSection(SolutionProperties) = preSolution
		HideSolutionNode = FALSE
	EndGlobalSection
	GlobalSection(ExtensibilityGlobals) = postSolution
		SolutionGuid = {FB97D2A3-77BD-4F6B-9BEB-C31467CA2508}
	EndGlobalSection
EndGlobal
