
Microsoft Visual Studio Solution File, Format Version 12.00
# Visual Studio 15
VisualStudioVersion = 15.0.26730.16
MinimumVisualStudioVersion = 10.0.40219.1
Project("{FAE04EC0-301F-11D3-BF4B-00C04F79EFBC}") = "PoDadenMasiv", "PoDadenMasiv\PoDadenMasiv.csproj", "{12DCCF5B-A3C5-4DAC-8BB9-E29DEC13581A}"
EndProject
Project("{FAE04EC0-301F-11D3-BF4B-00C04F79EFBC}") = "PoVhodOtUser", "PoVhodOtUser\PoVhodOtUser.csproj", "{2CEC4138-8B82-4456-8AE3-B3DD64C8CF44}"
EndProject
Global
	GlobalSection(SolutionConfigurationPlatforms) = preSolution
		Debug|Any CPU = Debug|Any CPU
		Release|Any CPU = Release|Any CPU
	EndGlobalSection
	GlobalSection(ProjectConfigurationPlatforms) = postSolution
		{12DCCF5B-A3C5-4DAC-8BB9-E29DEC13581A}.Debug|Any CPU.ActiveCfg = Debug|Any CPU
		{12DCCF5B-A3C5-4DAC-8BB9-E29DEC13581A}.Debug|Any CPU.Build.0 = Debug|Any CPU
		{12DCCF5B-A3C5-4DAC-8BB9-E29DEC13581A}.Release|Any CPU.ActiveCfg = Release|Any CPU
		{12DCCF5B-A3C5-4DAC-8BB9-E29DEC13581A}.Release|Any CPU.Build.0 = Release|Any CPU
		{2CEC4138-8B82-4456-8AE3-B3DD64C8CF44}.Debug|Any CPU.ActiveCfg = Debug|Any CPU
		{2CEC4138-8B82-4456-8AE3-B3DD64C8CF44}.Debug|Any CPU.Build.0 = Debug|Any CPU
		{2CEC4138-8B82-4456-8AE3-B3DD64C8CF44}.Release|Any CPU.ActiveCfg = Release|Any CPU
		{2CEC4138-8B82-4456-8AE3-B3DD64C8CF44}.Release|Any CPU.Build.0 = Release|Any CPU
	EndGlobalSection
	GlobalSection(SolutionProperties) = preSolution
		HideSolutionNode = FALSE
	EndGlobalSection
	GlobalSection(ExtensibilityGlobals) = postSolution
		SolutionGuid = {7DEA24AC-6196-42A1-9C65-334E2129E3C6}
	EndGlobalSection
EndGlobal
